
Microsoft Visual Studio Solution File, Format Version 12.00
# Visual Studio Version 16
VisualStudioVersion = 16.0.33423.256
MinimumVisualStudioVersion = 10.0.40219.1
Project("{FAE04EC0-301F-11D3-BF4B-00C04F79EFBC}") = "Map2DifWrapper", "Map2DifWrapper.csproj", "{F041EF19-2C8D-467F-BE80-C30AF50F7596}"
EndProject
Global
	GlobalSection(SolutionConfigurationPlatforms) = preSolution
		Debug|Any CPU = Debug|Any CPU
		Release|Any CPU = Release|Any CPU
	EndGlobalSection
	GlobalSection(ProjectConfigurationPlatforms) = postSolution
		{F041EF19-2C8D-467F-BE80-C30AF50F7596}.Debug|Any CPU.ActiveCfg = Debug|Any CPU
		{F041EF19-2C8D-467F-BE80-C30AF50F7596}.Debug|Any CPU.Build.0 = Debug|Any CPU
		{F041EF19-2C8D-467F-BE80-C30AF50F7596}.Release|Any CPU.ActiveCfg = Release|Any CPU
		{F041EF19-2C8D-467F-BE80-C30AF50F7596}.Release|Any CPU.Build.0 = Release|Any CPU
	EndGlobalSection
	GlobalSection(SolutionProperties) = preSolution
		HideSolutionNode = FALSE
	EndGlobalSection
	GlobalSection(ExtensibilityGlobals) = postSolution
		SolutionGuid = {AC2F402C-01FA-441A-A2B1-DA16E7E89CE3}
	EndGlobalSection
EndGlobal
